
Microsoft Visual Studio Solution File, Format Version 12.00
# Visual Studio Version 16
VisualStudioVersion = 16.0.31205.134
MinimumVisualStudioVersion = 10.0.40219.1
Project("{FAE04EC0-301F-11D3-BF4B-00C04F79EFBC}") = "Blacknight", "src\Blacknight.csproj", "{07E9D105-3D05-4947-B3F8-294F700C7E3F}"
EndProject
Global
	GlobalSection(SolutionConfigurationPlatforms) = preSolution
		Debug|Any CPU = Debug|Any CPU
		Release|Any CPU = Release|Any CPU
	EndGlobalSection
	GlobalSection(ProjectConfigurationPlatforms) = postSolution
		{07E9D105-3D05-4947-B3F8-294F700C7E3F}.Debug|Any CPU.ActiveCfg = Debug|Any CPU
		{07E9D105-3D05-4947-B3F8-294F700C7E3F}.Debug|Any CPU.Build.0 = Debug|Any CPU
		{07E9D105-3D05-4947-B3F8-294F700C7E3F}.Release|Any CPU.ActiveCfg = Release|Any CPU
		{07E9D105-3D05-4947-B3F8-294F700C7E3F}.Release|Any CPU.Build.0 = Release|Any CPU
	EndGlobalSection
	GlobalSection(SolutionProperties) = preSolution
		HideSolutionNode = FALSE
	EndGlobalSection
	GlobalSection(ExtensibilityGlobals) = postSolution
		SolutionGuid = {2EB5EE2C-C29A-4A7A-9D32-A6E6FF03F2A6}
	EndGlobalSection
EndGlobal
